
Microsoft Visual Studio Solution File, Format Version 12.00
# Visual Studio Version 16
VisualStudioVersion = 16.0.30907.101
MinimumVisualStudioVersion = 10.0.40219.1
Project("{FAE04EC0-301F-11D3-BF4B-00C04F79EFBC}") = "Bonus1", "Bonus1\Bonus1.csproj", "{21A16871-5F92-4F4C-88D5-588B90972C81}"
EndProject
Project("{FAE04EC0-301F-11D3-BF4B-00C04F79EFBC}") = "Bonus1.Tests", "Bonus1.Tests\Bonus1.Tests.csproj", "{0EAEAD7A-6A7A-4DEA-83CB-4D776F0FAD8B}"
EndProject
Global
	GlobalSection(SolutionConfigurationPlatforms) = preSolution
		Debug|Any CPU = Debug|Any CPU
		Release|Any CPU = Release|Any CPU
	EndGlobalSection
	GlobalSection(ProjectConfigurationPlatforms) = postSolution
		{21A16871-5F92-4F4C-88D5-588B90972C81}.Debug|Any CPU.ActiveCfg = Debug|Any CPU
		{21A16871-5F92-4F4C-88D5-588B90972C81}.Debug|Any CPU.Build.0 = Debug|Any CPU
		{21A16871-5F92-4F4C-88D5-588B90972C81}.Release|Any CPU.ActiveCfg = Release|Any CPU
		{21A16871-5F92-4F4C-88D5-588B90972C81}.Release|Any CPU.Build.0 = Release|Any CPU
		{0EAEAD7A-6A7A-4DEA-83CB-4D776F0FAD8B}.Debug|Any CPU.ActiveCfg = Debug|Any CPU
		{0EAEAD7A-6A7A-4DEA-83CB-4D776F0FAD8B}.Debug|Any CPU.Build.0 = Debug|Any CPU
		{0EAEAD7A-6A7A-4DEA-83CB-4D776F0FAD8B}.Release|Any CPU.ActiveCfg = Release|Any CPU
		{0EAEAD7A-6A7A-4DEA-83CB-4D776F0FAD8B}.Release|Any CPU.Build.0 = Release|Any CPU
	EndGlobalSection
	GlobalSection(SolutionProperties) = preSolution
		HideSolutionNode = FALSE
	EndGlobalSection
	GlobalSection(ExtensibilityGlobals) = postSolution
		SolutionGuid = {7D6E890D-3B9A-4304-A67C-1B3619C6682A}
	EndGlobalSection
EndGlobal
